
Microsoft Visual Studio Solution File, Format Version 12.00
# Visual Studio Version 16
VisualStudioVersion = 16.0.30309.148
MinimumVisualStudioVersion = 10.0.40219.1
Project("{FAE04EC0-301F-11D3-BF4B-00C04F79EFBC}") = "EsHttpAchieve", "EsHttpAchieve\EsHttpAchieve.csproj", "{AF3CA391-E085-4A8D-9357-34651F6F6CEE}"
EndProject
Global
	GlobalSection(SolutionConfigurationPlatforms) = preSolution
		Debug|Any CPU = Debug|Any CPU
		Release|Any CPU = Release|Any CPU
	EndGlobalSection
	GlobalSection(ProjectConfigurationPlatforms) = postSolution
		{AF3CA391-E085-4A8D-9357-34651F6F6CEE}.Debug|Any CPU.ActiveCfg = Debug|Any CPU
		{AF3CA391-E085-4A8D-9357-34651F6F6CEE}.Debug|Any CPU.Build.0 = Debug|Any CPU
		{AF3CA391-E085-4A8D-9357-34651F6F6CEE}.Release|Any CPU.ActiveCfg = Release|Any CPU
		{AF3CA391-E085-4A8D-9357-34651F6F6CEE}.Release|Any CPU.Build.0 = Release|Any CPU
	EndGlobalSection
	GlobalSection(SolutionProperties) = preSolution
		HideSolutionNode = FALSE
	EndGlobalSection
	GlobalSection(ExtensibilityGlobals) = postSolution
		SolutionGuid = {2FDAEEDD-B3B6-47DB-944F-A90DA2B015EC}
	EndGlobalSection
EndGlobal
